{
  "lib/forge-std": {
    "rev": "8bbcf6e3f8f62f419e5429a0bd89331c85c37824"
  },
  "lib/openzeppelin-contracts-06": {
    "rev": "8e0296096449d9b1cd7c5631e917330635244c37"
  },
  "lib/openzeppelin-contracts-08": {
    "rev": "ecd2ca2cd7cac116f7a37d0e474bbb3d7d5e1c4d"
  },
  "lib/openzeppelin-contracts-upgradeable": {
    "rev": "2d081f24cac1a867f6f73d512f2022e1fa987854"
  },
  "lib/openzeppelin-contracts-v5.4.0": {
    "rev": "c64a1edb67b6e3f4a15cca8909c9482ad33a02b0"
  }
}